
Microsoft Visual Studio Solution File, Format Version 12.00
# Visual Studio Version 17
VisualStudioVersion = 17.5.002.0
MinimumVisualStudioVersion = 10.0.40219.1
Project("{9A19103F-16F7-4668-BE54-9A1E7A4F7556}") = "PlatformService", "PlatformService.csproj", "{EDB62A07-DF7D-47AB-A433-3A91A8FF65EF}"
EndProject
Global
	GlobalSection(SolutionConfigurationPlatforms) = preSolution
		Debug|Any CPU = Debug|Any CPU
		Release|Any CPU = Release|Any CPU
	EndGlobalSection
	GlobalSection(ProjectConfigurationPlatforms) = postSolution
		{EDB62A07-DF7D-47AB-A433-3A91A8FF65EF}.Debug|Any CPU.ActiveCfg = Debug|Any CPU
		{EDB62A07-DF7D-47AB-A433-3A91A8FF65EF}.Debug|Any CPU.Build.0 = Debug|Any CPU
		{EDB62A07-DF7D-47AB-A433-3A91A8FF65EF}.Release|Any CPU.ActiveCfg = Release|Any CPU
		{EDB62A07-DF7D-47AB-A433-3A91A8FF65EF}.Release|Any CPU.Build.0 = Release|Any CPU
	EndGlobalSection
	GlobalSection(SolutionProperties) = preSolution
		HideSolutionNode = FALSE
	EndGlobalSection
	GlobalSection(ExtensibilityGlobals) = postSolution
		SolutionGuid = {8361B62A-7BB1-45C3-B776-ABCB6A957133}
	EndGlobalSection
EndGlobal
